
Microsoft Visual Studio Solution File, Format Version 12.00
# Visual Studio Version 17
VisualStudioVersion = 17.3.32825.248
MinimumVisualStudioVersion = 10.0.40219.1
Project("{FAE04EC0-301F-11D3-BF4B-00C04F79EFBC}") = "api_two", "api_two\api_two.csproj", "{2162AEFA-C6A9-47DA-9463-4A87724DA332}"
EndProject
Global
	GlobalSection(SolutionConfigurationPlatforms) = preSolution
		Debug|Any CPU = Debug|Any CPU
		Release|Any CPU = Release|Any CPU
	EndGlobalSection
	GlobalSection(ProjectConfigurationPlatforms) = postSolution
		{2162AEFA-C6A9-47DA-9463-4A87724DA332}.Debug|Any CPU.ActiveCfg = Debug|Any CPU
		{2162AEFA-C6A9-47DA-9463-4A87724DA332}.Debug|Any CPU.Build.0 = Debug|Any CPU
		{2162AEFA-C6A9-47DA-9463-4A87724DA332}.Release|Any CPU.ActiveCfg = Release|Any CPU
		{2162AEFA-C6A9-47DA-9463-4A87724DA332}.Release|Any CPU.Build.0 = Release|Any CPU
	EndGlobalSection
	GlobalSection(SolutionProperties) = preSolution
		HideSolutionNode = FALSE
	EndGlobalSection
	GlobalSection(ExtensibilityGlobals) = postSolution
		SolutionGuid = {740E6A78-C216-4AD5-A5FD-32E17854B5BC}
	EndGlobalSection
EndGlobal
